
Microsoft Visual Studio Solution File, Format Version 12.00
# Visual Studio Version 17
VisualStudioVersion = 17.10.35013.160
MinimumVisualStudioVersion = 10.0.40219.1
Project("{9A19103F-16F7-4668-BE54-9A1E7A4F7556}") = "Brainbay.Domain", "Brainbay.Domain\Brainbay.Domain.csproj", "{9C823E92-92CB-4419-9F4C-5D4A0F39C4EA}"
EndProject
Project("{9A19103F-16F7-4668-BE54-9A1E7A4F7556}") = "Brainbay.Console", "Brainbay.Console\Brainbay.Console.csproj", "{554162D0-EB36-47B2-A25E-31A49EAC7AA9}"
EndProject
Project("{9A19103F-16F7-4668-BE54-9A1E7A4F7556}") = "Brainbay.Web", "Brainbay.Web\Brainbay.Web.csproj", "{B361C597-536E-43B2-A3F5-0EF31F1C7966}"
EndProject
Project("{FAE04EC0-301F-11D3-BF4B-00C04F79EFBC}") = "Brainbay.XUnitTest", "Brainbay.XUnitTest\Brainbay.XUnitTest.csproj", "{E291C0C8-6DFD-427D-B035-95B2368C3963}"
EndProject
Global
	GlobalSection(SolutionConfigurationPlatforms) = preSolution
		Debug|Any CPU = Debug|Any CPU
		Release|Any CPU = Release|Any CPU
	EndGlobalSection
	GlobalSection(ProjectConfigurationPlatforms) = postSolution
		{9C823E92-92CB-4419-9F4C-5D4A0F39C4EA}.Debug|Any CPU.ActiveCfg = Debug|Any CPU
		{9C823E92-92CB-4419-9F4C-5D4A0F39C4EA}.Debug|Any CPU.Build.0 = Debug|Any CPU
		{9C823E92-92CB-4419-9F4C-5D4A0F39C4EA}.Release|Any CPU.ActiveCfg = Release|Any CPU
		{9C823E92-92CB-4419-9F4C-5D4A0F39C4EA}.Release|Any CPU.Build.0 = Release|Any CPU
		{554162D0-EB36-47B2-A25E-31A49EAC7AA9}.Debug|Any CPU.ActiveCfg = Debug|Any CPU
		{554162D0-EB36-47B2-A25E-31A49EAC7AA9}.Debug|Any CPU.Build.0 = Debug|Any CPU
		{554162D0-EB36-47B2-A25E-31A49EAC7AA9}.Release|Any CPU.ActiveCfg = Release|Any CPU
		{554162D0-EB36-47B2-A25E-31A49EAC7AA9}.Release|Any CPU.Build.0 = Release|Any CPU
		{B361C597-536E-43B2-A3F5-0EF31F1C7966}.Debug|Any CPU.ActiveCfg = Debug|Any CPU
		{B361C597-536E-43B2-A3F5-0EF31F1C7966}.Debug|Any CPU.Build.0 = Debug|Any CPU
		{B361C597-536E-43B2-A3F5-0EF31F1C7966}.Release|Any CPU.ActiveCfg = Release|Any CPU
		{B361C597-536E-43B2-A3F5-0EF31F1C7966}.Release|Any CPU.Build.0 = Release|Any CPU
		{E291C0C8-6DFD-427D-B035-95B2368C3963}.Debug|Any CPU.ActiveCfg = Debug|Any CPU
		{E291C0C8-6DFD-427D-B035-95B2368C3963}.Debug|Any CPU.Build.0 = Debug|Any CPU
		{E291C0C8-6DFD-427D-B035-95B2368C3963}.Release|Any CPU.ActiveCfg = Release|Any CPU
		{E291C0C8-6DFD-427D-B035-95B2368C3963}.Release|Any CPU.Build.0 = Release|Any CPU
	EndGlobalSection
	GlobalSection(SolutionProperties) = preSolution
		HideSolutionNode = FALSE
	EndGlobalSection
	GlobalSection(ExtensibilityGlobals) = postSolution
		SolutionGuid = {9A7C7DA4-3C06-4D2D-9CE9-539C94FC997B}
	EndGlobalSection
EndGlobal
